
Microsoft Visual Studio Solution File, Format Version 12.00
# Visual Studio Version 17
VisualStudioVersion = 17.9.34728.123
MinimumVisualStudioVersion = 10.0.40219.1
Project("{9A19103F-16F7-4668-BE54-9A1E7A4F7556}") = "BlazorServer", "BlazorServer\BlazorServer.csproj", "{613E7B9F-F03B-4609-A1A2-04214D2C16F0}"
EndProject
Project("{9A19103F-16F7-4668-BE54-9A1E7A4F7556}") = "DataAccessLibrary", "DataAccessLibrary\DataAccessLibrary.csproj", "{BAE3DB4D-276B-4E1E-AA14-8FA1CED24161}"
EndProject
Global
	GlobalSection(SolutionConfigurationPlatforms) = preSolution
		Debug|Any CPU = Debug|Any CPU
		Release|Any CPU = Release|Any CPU
	EndGlobalSection
	GlobalSection(ProjectConfigurationPlatforms) = postSolution
		{613E7B9F-F03B-4609-A1A2-04214D2C16F0}.Debug|Any CPU.ActiveCfg = Debug|Any CPU
		{613E7B9F-F03B-4609-A1A2-04214D2C16F0}.Debug|Any CPU.Build.0 = Debug|Any CPU
		{613E7B9F-F03B-4609-A1A2-04214D2C16F0}.Release|Any CPU.ActiveCfg = Release|Any CPU
		{613E7B9F-F03B-4609-A1A2-04214D2C16F0}.Release|Any CPU.Build.0 = Release|Any CPU
		{BAE3DB4D-276B-4E1E-AA14-8FA1CED24161}.Debug|Any CPU.ActiveCfg = Debug|Any CPU
		{BAE3DB4D-276B-4E1E-AA14-8FA1CED24161}.Debug|Any CPU.Build.0 = Debug|Any CPU
		{BAE3DB4D-276B-4E1E-AA14-8FA1CED24161}.Release|Any CPU.ActiveCfg = Release|Any CPU
		{BAE3DB4D-276B-4E1E-AA14-8FA1CED24161}.Release|Any CPU.Build.0 = Release|Any CPU
	EndGlobalSection
	GlobalSection(SolutionProperties) = preSolution
		HideSolutionNode = FALSE
	EndGlobalSection
	GlobalSection(ExtensibilityGlobals) = postSolution
		SolutionGuid = {F7A9F1B3-F50B-48DC-A451-24286578103E}
	EndGlobalSection
EndGlobal
